#
# This file is autogenerated by pip-compile with Python 3.12
# by the following command:
#
#    pip-compile --output-file=requirements.lock requirements.txt
#
annotated-types==0.7.0
    # via pydantic
anyio==4.9.0
    # via
    #   starlette
    #   watchfiles
asyncpg==0.30.0
    # via -r requirements.txt
attrs==25.3.0
    # via
    #   jsonschema
    #   referencing
authlib==1.6.1
    # via -r requirements.txt
babel==2.17.0
    # via flask-babel
bigtree==0.29.2
    # via feast
bleach==6.0.0
    # via -r requirements.txt
blinker==1.9.0
    # via flask
boto3==1.34.103
    # via -r requirements.txt
botocore==1.34.162
    # via
    #   boto3
    #   s3transfer
cachelib==0.9.0
    # via flask-caching
certifi==2025.7.14
    # via
    #   pulsar-client
    #   requests
cffi==1.17.1
    # via cryptography
chardet==5.2.0
    # via -r requirements.txt
charset-normalizer==3.4.2
    # via requests
click==8.1.8
    # via
    #   -r requirements.txt
    #   dask
    #   feast
    #   flask
    #   uvicorn
cloudpickle==3.1.1
    # via
    #   dask
    #   shap
colorama==0.4.6
    # via feast
confluent-kafka==2.11.0
    # via -r requirements.txt
contourpy==1.3.3
    # via matplotlib
coverage[toml]==7.10.1
    # via pytest-cov
cryptography==45.0.5
    # via
    #   -r requirements.txt
    #   authlib
    #   pyopenssl
cssutils==2.8.0
    # via -r requirements.txt
cycler==0.12.1
    # via matplotlib

dask[array,dataframe]==2024.4.1
    # via
    #   -r requirements.txt
    #   dask-expr
    #   feast
dask-expr==1.0.11
    # via dask

dill==0.3.9
    # via
    #   -r requirements.txt
    #   feast
ecdsa==0.19.1
    # via python-jose
fairlearn==0.10.0
    # via -r requirements.txt
fastapi==0.116.1
    # via
    #   -r requirements.txt
    #   feast
fastavro==1.11.1
    # via -r requirements.txt
feast==0.49.0
    # via -r requirements.txt
flasgger==0.9.7.1
    # via -r requirements.txt
flask==2.3.3
    # via
    #   -r requirements.txt
    #   flasgger
    #   flask-babel
    #   flask-caching
    #   flask-cors
    #   flask-login
    #   flask-wtf
flask-babel==4.0.0
    # via -r requirements.txt
flask-caching==2.0.2
    # via -r requirements.txt
flask-cors==6.0.1
    # via -r requirements.txt
flask-login==0.6.2
    # via -r requirements.txt
flask-wtf==1.1.1
    # via -r requirements.txt
fonttools==4.59.0
    # via matplotlib
fsspec==2025.7.0
    # via dask
googleapis-common-protos==1.59.1
    # via opentelemetry-exporter-jaeger-proto-grpc
greenlet==3.2.3
    # via sqlalchemy
grpcio==1.74.0
    # via opentelemetry-exporter-jaeger-proto-grpc
gunicorn==23.0.0
    # via
    #   -r requirements.txt
    #   feast
    #   uvicorn-worker
h11==0.16.0
    # via uvicorn
httptools==0.6.4
    # via uvicorn
hvac==2.3.0
    # via -r requirements.txt
idna==3.10
    # via
    #   anyio
    #   requests
imageio==2.37.0
    # via scikit-image
importlib-metadata==8.7.0
    # via opentelemetry-api

iniconfig==2.1.0
    # via pytest
itsdangerous==2.2.0
    # via
    #   flask
    #   flask-wtf
jinja2==3.1.6
    # via
    #   feast
    #   flask
    #   flask-babel
jmespath==1.0.1
    # via
    #   boto3
    #   botocore
joblib==1.3.2
    # via
    #   -r requirements.txt
    #   scikit-learn

jsonschema==4.25.0
    # via
    #   feast
    #   flasgger
jsonschema-specifications==2025.4.1
    # via jsonschema
kafka-python==2.2.15
    # via -r requirements.txt
kiwisolver==1.4.8
    # via matplotlib
lazy-loader==0.4
    # via scikit-image
lime==0.2.0.1
    # via -r requirements.txt
llvmlite==0.44.0
    # via numba
locket==1.0.0
    # via partd
markupsafe==3.0.2
    # via
    #   jinja2
    #   werkzeug
    #   wtforms
matplotlib==3.10.3
    # via lime
mistune==3.1.3
    # via flasgger
mmh3==5.2.0
    # via feast
mypy==1.17.0
    # via sqlalchemy
mypy-extensions==1.1.0
    # via mypy
networkx==3.5
    # via scikit-image
numba==0.61.2
    # via shap
numpy==1.26.4
    # via
    #   -r requirements.txt
    #   contourpy
    #   dask
    #   fairlearn
    #   feast
    #   imageio
    #   lime
    #   matplotlib
    #   numba
    #   pandas
    #   pyarrow
    #   scikit-image
    #   scikit-learn
    #   scipy
    #   shap
    #   tifffile
opentelemetry-api==1.35.0
    # via
    #   -r requirements.txt
    #   opentelemetry-exporter-jaeger-proto-grpc
    #   opentelemetry-exporter-jaeger-thrift
    #   opentelemetry-sdk
    #   opentelemetry-semantic-conventions
opentelemetry-exporter-jaeger==1.21.0
    # via -r requirements.txt
opentelemetry-exporter-jaeger-proto-grpc==1.21.0
    # via opentelemetry-exporter-jaeger
opentelemetry-exporter-jaeger-thrift==1.21.0
    # via opentelemetry-exporter-jaeger
opentelemetry-exporter-zipkin==1.21.0
    # via -r requirements.txt
opentelemetry-exporter-zipkin-json==1.21.0
    # via opentelemetry-exporter-zipkin
opentelemetry-exporter-zipkin-proto-http==1.21.0
    # via opentelemetry-exporter-zipkin
opentelemetry-sdk==1.35.0
    # via
    #   -r requirements.txt
    #   opentelemetry-exporter-jaeger-proto-grpc
    #   opentelemetry-exporter-jaeger-thrift
opentelemetry-semantic-conventions==0.56b0
    # via opentelemetry-sdk
packaging==25.0
    # via
    #   dask
    #   flasgger
    #   gunicorn
    #   lazy-loader
    #   matplotlib
    #   plotly
    #   pytest
    #   scikit-image
    #   shap
pandas==2.1.4
    # via
    #   -r requirements.txt
    #   dask
    #   dask-expr
    #   fairlearn
    #   feast
    #   shap
partd==1.4.2
    # via dask
pathspec==0.12.1
    # via mypy
pika==1.3.2
    # via -r requirements.txt
pillow==11.3.0
    # via
    #   imageio
    #   matplotlib
    #   scikit-image
plotly==5.15.0
    # via -r requirements.txt

pluggy==1.6.0
    # via
    #   pytest
    #   pytest-cov
polars==1.31.0
    # via -r requirements.txt
prometheus-client==0.22.1
    # via feast
protobuf==4.25.8
    # via
    #   feast
    #   googleapis-common-protos
psutil==7.0.0
    # via
    #   -r requirements.txt
    #   feast
psycopg2-binary==2.9.7
    # via -r requirements.txt
pulsar-client==3.8.0
    # via -r requirements.txt
pyarrow==17.0.0
    # via
    #   dask-expr
    #   feast
pyasn1==0.6.1
    # via
    #   python-jose
    #   rsa
pycparser==2.22
    # via cffi
pydantic==2.10.6
    # via
    #   fastapi
    #   feast
pydantic-core==2.27.2
    # via pydantic
pygments==2.19.2
    # via feast
pyjwt==2.10.1
    # via feast
pyopenssl==25.1.0
    # via -r requirements.txt
pyparsing==3.2.3
    # via matplotlib
pytest==7.4.0
    # via
    #   -r requirements.txt
    #   pytest-cov
pytest-cov==6.2.1
    # via -r requirements.txt
python-dateutil==2.9.0.post0
    # via
    #   -r requirements.txt
    #   botocore
    #   matplotlib
    #   pandas
python-dotenv==1.0.0
    # via
    #   -r requirements.txt
    #   uvicorn
python-jose==3.5.0
    # via -r requirements.txt
pytz==2025.2
    # via
    #   flask-babel
    #   pandas
pyyaml==6.0.1
    # via
    #   -r requirements.txt
    #   dask
    #   feast
    #   flasgger
    #   uvicorn
rapidfuzz==3.13.0
    # via -r requirements.txt
redis==6.2.0
    # via -r requirements.txt
referencing==0.36.2
    # via
    #   jsonschema
    #   jsonschema-specifications
requests==2.32.4
    # via
    #   -r requirements.txt
    #   feast
    #   hvac
rpds-py==0.26.0
    # via
    #   jsonschema
    #   referencing
rsa==4.9.1
    # via python-jose
s3transfer==0.10.4
    # via boto3
scikit-image==0.25.1
    # via lime
scikit-learn==1.7.1
    # via
    #   -r requirements.txt
    #   fairlearn
    #   lime
    #   shap
scipy==1.11.3
    # via
    #   -r requirements.txt
    #   fairlearn
    #   lime
    #   scikit-image
    #   scikit-learn
    #   shap
shap==0.44.1
    # via -r requirements.txt
six==1.17.0
    # via
    #   bleach
    #   ecdsa
    #   flasgger
    #   python-dateutil
slicer==0.0.7
    # via shap
sniffio==1.3.1
    # via anyio
sqlalchemy[mypy]==2.0.41
    # via
    #   -r requirements.txt
    #   feast
sqlparse==0.5.3
    # via -r requirements.txt
starlette==0.47.2
    # via fastapi
tabulate==0.9.0
    # via feast
tenacity==8.2.3
    # via
    #   -r requirements.txt
    #   feast
    #   plotly
threadpoolctl==3.6.0
    # via scikit-learn
thrift==0.22.0
    # via opentelemetry-exporter-jaeger-thrift
tifffile==2025.6.11
    # via scikit-image
toml==0.10.2
    # via feast
toolz==1.0.0
    # via
    #   dask
    #   partd
tqdm==4.67.1
    # via
    #   feast
    #   lime
    #   shap
typeguard==4.4.4
    # via feast
typing-extensions==4.14.1
    # via
    #   anyio
    #   fastapi
    #   mypy
    #   opentelemetry-api
    #   opentelemetry-sdk
    #   opentelemetry-semantic-conventions
    #   pydantic
    #   pydantic-core
    #   pyopenssl
    #   referencing
    #   sqlalchemy
    #   starlette
    #   typeguard
tzdata==2025.2
    # via pandas
urllib3==2.5.0
    # via
    #   botocore
    #   requests
uvicorn[standard]==0.34.0
    # via
    #   feast
    #   uvicorn-worker
uvicorn-worker==0.3.0
    # via feast
uvloop==0.21.0
    # via uvicorn
watchfiles==1.1.0
    # via uvicorn
webencodings==0.5.1
    # via bleach
websockets==11.0.3
    # via
    #   -r requirements.txt
    #   uvicorn
werkzeug==3.0.6
    # via
    #   -r requirements.txt
    #   flask
    #   flask-cors
    #   flask-login
wtforms==3.2.1
    # via flask-wtf
zipp==3.23.0
    # via importlib-metadata
